
Microsoft Visual Studio Solution File, Format Version 12.00
# Visual Studio 15
VisualStudioVersion = 15.0.27130.2027
MinimumVisualStudioVersion = 10.0.40219.1
Project("{FAE04EC0-301F-11D3-BF4B-00C04F79EFBC}") = "BottomBarDemo.Android", "BottomBarDemo\BottomBarDemo.Android\BottomBarDemo.Android.csproj", "{DB2CE88E-8752-4CCB-AA93-59490DFAC8AD}"
EndProject
Project("{FAE04EC0-301F-11D3-BF4B-00C04F79EFBC}") = "BottomBarDemo.iOS", "BottomBarDemo\BottomBarDemo.iOS\BottomBarDemo.iOS.csproj", "{7D3C54BF-4F2F-4535-862E-B01222503149}"
EndProject
Project("{FAE04EC0-301F-11D3-BF4B-00C04F79EFBC}") = "BottomBarDemo", "BottomBarDemo\BottomBarDemo\BottomBarDemo.csproj", "{A0668440-FF50-4124-BEE5-8670578128B6}"
EndProject
Global
	GlobalSection(SolutionConfigurationPlatforms) = preSolution
		Ad-Hoc|Any CPU = Ad-Hoc|Any CPU
		Ad-Hoc|iPhone = Ad-Hoc|iPhone
		Ad-Hoc|iPhoneSimulator = Ad-Hoc|iPhoneSimulator
		AppStore|Any CPU = AppStore|Any CPU
		AppStore|iPhone = AppStore|iPhone
		AppStore|iPhoneSimulator = AppStore|iPhoneSimulator
		Debug|Any CPU = Debug|Any CPU
		Debug|iPhone = Debug|iPhone
		Debug|iPhoneSimulator = Debug|iPhoneSimulator
		Release|Any CPU = Release|Any CPU
		Release|iPhone = Release|iPhone
		Release|iPhoneSimulator = Release|iPhoneSimulator
	EndGlobalSection
	GlobalSection(ProjectConfigurationPlatforms) = postSolution
		{DB2CE88E-8752-4CCB-AA93-59490DFAC8AD}.Ad-Hoc|Any CPU.ActiveCfg = Release|Any CPU
		{DB2CE88E-8752-4CCB-AA93-59490DFAC8AD}.Ad-Hoc|Any CPU.Build.0 = Release|Any CPU
		{DB2CE88E-8752-4CCB-AA93-59490DFAC8AD}.Ad-Hoc|Any CPU.Deploy.0 = Release|Any CPU
		{DB2CE88E-8752-4CCB-AA93-59490DFAC8AD}.Ad-Hoc|iPhone.ActiveCfg = Release|Any CPU
		{DB2CE88E-8752-4CCB-AA93-59490DFAC8AD}.Ad-Hoc|iPhone.Build.0 = Release|Any CPU
		{DB2CE88E-8752-4CCB-AA93-59490DFAC8AD}.Ad-Hoc|iPhone.Deploy.0 = Release|Any CPU
		{DB2CE88E-8752-4CCB-AA93-59490DFAC8AD}.Ad-Hoc|iPhoneSimulator.ActiveCfg = Release|Any CPU
		{DB2CE88E-8752-4CCB-AA93-59490DFAC8AD}.Ad-Hoc|iPhoneSimulator.Build.0 = Release|Any CPU
		{DB2CE88E-8752-4CCB-AA93-59490DFAC8AD}.Ad-Hoc|iPhoneSimulator.Deploy.0 = Release|Any CPU
		{DB2CE88E-8752-4CCB-AA93-59490DFAC8AD}.AppStore|Any CPU.ActiveCfg = Release|Any CPU
		{DB2CE88E-8752-4CCB-AA93-59490DFAC8AD}.AppStore|Any CPU.Build.0 = Release|Any CPU
		{DB2CE88E-8752-4CCB-AA93-59490DFAC8AD}.AppStore|Any CPU.Deploy.0 = Release|Any CPU
		{DB2CE88E-8752-4CCB-AA93-59490DFAC8AD}.AppStore|iPhone.ActiveCfg = Release|Any CPU
		{DB2CE88E-8752-4CCB-AA93-59490DFAC8AD}.AppStore|iPhone.Build.0 = Release|Any CPU
		{DB2CE88E-8752-4CCB-AA93-59490DFAC8AD}.AppStore|iPhone.Deploy.0 = Release|Any CPU
		{DB2CE88E-8752-4CCB-AA93-59490DFAC8AD}.AppStore|iPhoneSimulator.ActiveCfg = Release|Any CPU
		{DB2CE88E-8752-4CCB-AA93-59490DFAC8AD}.AppStore|iPhoneSimulator.Build.0 = Release|Any CPU
		{DB2CE88E-8752-4CCB-AA93-59490DFAC8AD}.AppStore|iPhoneSimulator.Deploy.0 = Release|Any CPU
		{DB2CE88E-8752-4CCB-AA93-59490DFAC8AD}.Debug|Any CPU.ActiveCfg = Debug|Any CPU
		{DB2CE88E-8752-4CCB-AA93-59490DFAC8AD}.Debug|Any CPU.Build.0 = Debug|Any CPU
		{DB2CE88E-8752-4CCB-AA93-59490DFAC8AD}.Debug|Any CPU.Deploy.0 = Debug|Any CPU
		{DB2CE88E-8752-4CCB-AA93-59490DFAC8AD}.Debug|iPhone.ActiveCfg = Debug|Any CPU
		{DB2CE88E-8752-4CCB-AA93-59490DFAC8AD}.Debug|iPhone.Build.0 = Debug|Any CPU
		{DB2CE88E-8752-4CCB-AA93-59490DFAC8AD}.Debug|iPhone.Deploy.0 = Debug|Any CPU
		{DB2CE88E-8752-4CCB-AA93-59490DFAC8AD}.Debug|iPhoneSimulator.ActiveCfg = Debug|Any CPU
		{DB2CE88E-8752-4CCB-AA93-59490DFAC8AD}.Debug|iPhoneSimulator.Build.0 = Debug|Any CPU
		{DB2CE88E-8752-4CCB-AA93-59490DFAC8AD}.Debug|iPhoneSimulator.Deploy.0 = Debug|Any CPU
		{DB2CE88E-8752-4CCB-AA93-59490DFAC8AD}.Release|Any CPU.ActiveCfg = Release|Any CPU
		{DB2CE88E-8752-4CCB-AA93-59490DFAC8AD}.Release|Any CPU.Build.0 = Release|Any CPU
		{DB2CE88E-8752-4CCB-AA93-59490DFAC8AD}.Release|Any CPU.Deploy.0 = Release|Any CPU
		{DB2CE88E-8752-4CCB-AA93-59490DFAC8AD}.Release|iPhone.ActiveCfg = Release|Any CPU
		{DB2CE88E-8752-4CCB-AA93-59490DFAC8AD}.Release|iPhone.Build.0 = Release|Any CPU
		{DB2CE88E-8752-4CCB-AA93-59490DFAC8AD}.Release|iPhone.Deploy.0 = Release|Any CPU
		{DB2CE88E-8752-4CCB-AA93-59490DFAC8AD}.Release|iPhoneSimulator.ActiveCfg = Release|Any CPU
		{DB2CE88E-8752-4CCB-AA93-59490DFAC8AD}.Release|iPhoneSimulator.Build.0 = Release|Any CPU
		{DB2CE88E-8752-4CCB-AA93-59490DFAC8AD}.Release|iPhoneSimulator.Deploy.0 = Release|Any CPU
		{7D3C54BF-4F2F-4535-862E-B01222503149}.Ad-Hoc|Any CPU.ActiveCfg = Ad-Hoc|iPhone
		{7D3C54BF-4F2F-4535-862E-B01222503149}.Ad-Hoc|iPhone.ActiveCfg = Ad-Hoc|iPhone
		{7D3C54BF-4F2F-4535-862E-B01222503149}.Ad-Hoc|iPhone.Build.0 = Ad-Hoc|iPhone
		{7D3C54BF-4F2F-4535-862E-B01222503149}.Ad-Hoc|iPhoneSimulator.ActiveCfg = Ad-Hoc|iPhoneSimulator
		{7D3C54BF-4F2F-4535-862E-B01222503149}.Ad-Hoc|iPhoneSimulator.Build.0 = Ad-Hoc|iPhoneSimulator
		{7D3C54BF-4F2F-4535-862E-B01222503149}.AppStore|Any CPU.ActiveCfg = AppStore|iPhone
		{7D3C54BF-4F2F-4535-862E-B01222503149}.AppStore|iPhone.ActiveCfg = AppStore|iPhone
		{7D3C54BF-4F2F-4535-862E-B01222503149}.AppStore|iPhone.Build.0 = AppStore|iPhone
		{7D3C54BF-4F2F-4535-862E-B01222503149}.AppStore|iPhoneSimulator.ActiveCfg = AppStore|iPhoneSimulator
		{7D3C54BF-4F2F-4535-862E-B01222503149}.AppStore|iPhoneSimulator.Build.0 = AppStore|iPhoneSimulator
		{7D3C54BF-4F2F-4535-862E-B01222503149}.Debug|Any CPU.ActiveCfg = Debug|iPhone
		{7D3C54BF-4F2F-4535-862E-B01222503149}.Debug|iPhone.ActiveCfg = Debug|iPhone
		{7D3C54BF-4F2F-4535-862E-B01222503149}.Debug|iPhone.Build.0 = Debug|iPhone
		{7D3C54BF-4F2F-4535-862E-B01222503149}.Debug|iPhoneSimulator.ActiveCfg = Debug|iPhoneSimulator
		{7D3C54BF-4F2F-4535-862E-B01222503149}.Debug|iPhoneSimulator.Build.0 = Debug|iPhoneSimulator
		{7D3C54BF-4F2F-4535-862E-B01222503149}.Release|Any CPU.ActiveCfg = Release|iPhone
		{7D3C54BF-4F2F-4535-862E-B01222503149}.Release|iPhone.ActiveCfg = Release|iPhone
		{7D3C54BF-4F2F-4535-862E-B01222503149}.Release|iPhone.Build.0 = Release|iPhone
		{7D3C54BF-4F2F-4535-862E-B01222503149}.Release|iPhoneSimulator.ActiveCfg = Release|iPhoneSimulator
		{7D3C54BF-4F2F-4535-862E-B01222503149}.Release|iPhoneSimulator.Build.0 = Release|iPhoneSimulator
		{A0668440-FF50-4124-BEE5-8670578128B6}.Ad-Hoc|Any CPU.ActiveCfg = Debug|Any CPU
		{A0668440-FF50-4124-BEE5-8670578128B6}.Ad-Hoc|Any CPU.Build.0 = Debug|Any CPU
		{A0668440-FF50-4124-BEE5-8670578128B6}.Ad-Hoc|iPhone.ActiveCfg = Debug|Any CPU
		{A0668440-FF50-4124-BEE5-8670578128B6}.Ad-Hoc|iPhone.Build.0 = Debug|Any CPU
		{A0668440-FF50-4124-BEE5-8670578128B6}.Ad-Hoc|iPhoneSimulator.ActiveCfg = Debug|Any CPU
		{A0668440-FF50-4124-BEE5-8670578128B6}.Ad-Hoc|iPhoneSimulator.Build.0 = Debug|Any CPU
		{A0668440-FF50-4124-BEE5-8670578128B6}.AppStore|Any CPU.ActiveCfg = Debug|Any CPU
		{A0668440-FF50-4124-BEE5-8670578128B6}.AppStore|Any CPU.Build.0 = Debug|Any CPU
		{A0668440-FF50-4124-BEE5-8670578128B6}.AppStore|iPhone.ActiveCfg = Debug|Any CPU
		{A0668440-FF50-4124-BEE5-8670578128B6}.AppStore|iPhone.Build.0 = Debug|Any CPU
		{A0668440-FF50-4124-BEE5-8670578128B6}.AppStore|iPhoneSimulator.ActiveCfg = Debug|Any CPU
		{A0668440-FF50-4124-BEE5-8670578128B6}.AppStore|iPhoneSimulator.Build.0 = Debug|Any CPU
		{A0668440-FF50-4124-BEE5-8670578128B6}.Debug|Any CPU.ActiveCfg = Debug|Any CPU
		{A0668440-FF50-4124-BEE5-8670578128B6}.Debug|Any CPU.Build.0 = Debug|Any CPU
		{A0668440-FF50-4124-BEE5-8670578128B6}.Debug|iPhone.ActiveCfg = Debug|Any CPU
		{A0668440-FF50-4124-BEE5-8670578128B6}.Debug|iPhone.Build.0 = Debug|Any CPU
		{A0668440-FF50-4124-BEE5-8670578128B6}.Debug|iPhoneSimulator.ActiveCfg = Debug|Any CPU
		{A0668440-FF50-4124-BEE5-8670578128B6}.Debug|iPhoneSimulator.Build.0 = Debug|Any CPU
		{A0668440-FF50-4124-BEE5-8670578128B6}.Release|Any CPU.ActiveCfg = Release|Any CPU
		{A0668440-FF50-4124-BEE5-8670578128B6}.Release|Any CPU.Build.0 = Release|Any CPU
		{A0668440-FF50-4124-BEE5-8670578128B6}.Release|iPhone.ActiveCfg = Release|Any CPU
		{A0668440-FF50-4124-BEE5-8670578128B6}.Release|iPhone.Build.0 = Release|Any CPU
		{A0668440-FF50-4124-BEE5-8670578128B6}.Release|iPhoneSimulator.ActiveCfg = Release|Any CPU
		{A0668440-FF50-4124-BEE5-8670578128B6}.Release|iPhoneSimulator.Build.0 = Release|Any CPU
	EndGlobalSection
	GlobalSection(SolutionProperties) = preSolution
		HideSolutionNode = FALSE
	EndGlobalSection
	GlobalSection(ExtensibilityGlobals) = postSolution
		SolutionGuid = {075F1654-F913-489B-8BF0-D97F15FC0B71}
	EndGlobalSection
EndGlobal
